
Microsoft Visual Studio Solution File, Format Version 12.00
# Visual Studio Version 17
VisualStudioVersion = 17.10.34928.147
MinimumVisualStudioVersion = 10.0.40219.1
Project("{FAE04EC0-301F-11D3-BF4B-00C04F79EFBC}") = "TreeImplementation", "TreeImplementation\TreeImplementation.csproj", "{2D59736A-9FEE-4B12-B7D6-FCDF59753616}"
EndProject
Project("{FAE04EC0-301F-11D3-BF4B-00C04F79EFBC}") = "TreeImplementationTest", "TreeImplementationTest\TreeImplementationTest.csproj", "{E2EA39D8-6155-40C6-8442-81BB5CFC9C95}"
EndProject
Global
	GlobalSection(SolutionConfigurationPlatforms) = preSolution
		Debug|Any CPU = Debug|Any CPU
		Release|Any CPU = Release|Any CPU
	EndGlobalSection
	GlobalSection(ProjectConfigurationPlatforms) = postSolution
		{2D59736A-9FEE-4B12-B7D6-FCDF59753616}.Debug|Any CPU.ActiveCfg = Debug|Any CPU
		{2D59736A-9FEE-4B12-B7D6-FCDF59753616}.Debug|Any CPU.Build.0 = Debug|Any CPU
		{2D59736A-9FEE-4B12-B7D6-FCDF59753616}.Release|Any CPU.ActiveCfg = Release|Any CPU
		{2D59736A-9FEE-4B12-B7D6-FCDF59753616}.Release|Any CPU.Build.0 = Release|Any CPU
		{E2EA39D8-6155-40C6-8442-81BB5CFC9C95}.Debug|Any CPU.ActiveCfg = Debug|Any CPU
		{E2EA39D8-6155-40C6-8442-81BB5CFC9C95}.Debug|Any CPU.Build.0 = Debug|Any CPU
		{E2EA39D8-6155-40C6-8442-81BB5CFC9C95}.Release|Any CPU.ActiveCfg = Release|Any CPU
		{E2EA39D8-6155-40C6-8442-81BB5CFC9C95}.Release|Any CPU.Build.0 = Release|Any CPU
	EndGlobalSection
	GlobalSection(SolutionProperties) = preSolution
		HideSolutionNode = FALSE
	EndGlobalSection
	GlobalSection(ExtensibilityGlobals) = postSolution
		SolutionGuid = {CF53AE29-F1A5-4874-BEC9-32612EB00A22}
	EndGlobalSection
EndGlobal
